{
  "requires": true,
  "lockfileVersion": 1,
  "dependencies": {
    "codingame-cpp-merge": {
      "version": "0.0.5",
      "resolved": "https://registry.npmjs.org/codingame-cpp-merge/-/codingame-cpp-merge-0.0.5.tgz",
      "integrity": "sha512-pRyAntBFYDOdPPK19DzCYgeKvC54V7cM1bBFJDTAcpgpRtQarcH+2kgOOJJKHSCnl9+7pSRixGMtloGOdzAcgA==",
      "dev": true,
      "requires": {
        "node-getopt": "^0.2.3"
      }
    },
    "node-getopt": {
      "version": "0.2.4",
      "resolved": "https://registry.npmjs.org/node-getopt/-/node-getopt-0.2.4.tgz",
      "integrity": "sha512-06LC4wHO+nyH0J07dUzFsZTVZMsMMKTkXo8BUTmuYbJhbsKX2cVDn2xADoFqjbnBYThVlGSlaM10CDyEi+48Iw==",
      "dev": true
    }
  }
}
