# THIS IS AN AUTOGENERATED FILE. DO NOT EDIT THIS FILE DIRECTLY.
# yarn lockfile v1


codingame-cpp-merge@^0.0.5:
  version "0.0.5"
  resolved "https://registry.yarnpkg.com/codingame-cpp-merge/-/codingame-cpp-merge-0.0.5.tgz#030b9cf8b0a94514f066f8b33bae797772cc754e"
  integrity sha512-pRyAntBFYDOdPPK19DzCYgeKvC54V7cM1bBFJDTAcpgpRtQarcH+2kgOOJJKHSCnl9+7pSRixGMtloGOdzAcgA==
  dependencies:
    node-getopt "^0.2.3"

node-getopt@^0.2.3:
  version "0.2.4"
  resolved "https://registry.yarnpkg.com/node-getopt/-/node-getopt-0.2.4.tgz#3afb554717e5479f4bb10eb7327504650811c7a2"
  integrity sha512-06LC4wHO+nyH0J07dUzFsZTVZMsMMKTkXo8BUTmuYbJhbsKX2cVDn2xADoFqjbnBYThVlGSlaM10CDyEi+48Iw==
