# THIS IS AN AUTOGENERATED FILE. DO NOT EDIT THIS FILE DIRECTLY.
# yarn lockfile v1


google-closure-compiler-java@^20190513.0.0:
  version "20190513.0.0"
  resolved "https://registry.yarnpkg.com/google-closure-compiler-java/-/google-closure-compiler-java-20190513.0.0.tgz#e78e0878899cfa2ac06b7c586ccdec3c41aa367d"
  integrity sha512-0dFZwAREck9W780tVW4AW1c4ztrigLXGJ+dLCXFCwVJZS0pmhmZx3YEByl/aFSU9etIjLwYkYo73xjPyZ/AbtA==

minimist@0.0.8:
  version "0.0.8"
  resolved "https://registry.yarnpkg.com/minimist/-/minimist-0.0.8.tgz#857fcabfc3397d2625b8228262e86aa7a011b05d"
  integrity sha1-hX/Kv8M5fSYluCKCYuhqp6ARsF0=

minimist@^1.2.0:
  version "1.2.0"
  resolved "https://registry.yarnpkg.com/minimist/-/minimist-1.2.0.tgz#a35008b20f41383eec1fb914f4cd5df79a264284"
  integrity sha1-o1AIsg9BOD7sH7kU9M1d95omQoQ=

mkdirp@^0.5.1:
  version "0.5.1"
  resolved "https://registry.yarnpkg.com/mkdirp/-/mkdirp-0.5.1.tgz#30057438eac6cf7f8c4767f38648d6697d75c903"
  integrity sha1-MAV0OOrGz3+MR2fzhkjWaX11yQM=
  dependencies:
    minimist "0.0.8"

source-map@^0.7.3:
  version "0.7.3"
  resolved "https://registry.yarnpkg.com/source-map/-/source-map-0.7.3.tgz#5302f8169031735226544092e64981f751750383"
  integrity sha512-CkCj6giN3S+n9qrYiBTX5gystlENnRW5jZeNLHpe6aue+SrHcG5VYwujhW9s4dY31mEGsxBDrHR6oI69fTXsaQ==

tsickle@^0.35.0:
  version "0.35.0"
  resolved "https://registry.yarnpkg.com/tsickle/-/tsickle-0.35.0.tgz#59235df45937c0ec5d072c616c26d2d97fba54b9"
  integrity sha512-irsZLX4293YUl9TuwNC5Fy020eLSc4bC3LfKnxnx1oq5wmZD9zSP8qvNNTiwRmf2/rxH+58JINcTARDjuvn+oQ==
  dependencies:
    minimist "^1.2.0"
    mkdirp "^0.5.1"
    source-map "^0.7.3"

typescript@^3.5.1:
  version "3.5.1"
  resolved "https://registry.yarnpkg.com/typescript/-/typescript-3.5.1.tgz#ba72a6a600b2158139c5dd8850f700e231464202"
  integrity sha512-64HkdiRv1yYZsSe4xC1WVgamNigVYjlssIoaH2HcZF0+ijsk5YK2g0G34w9wJkze8+5ow4STd22AynfO6ZYYLw==
