# THIS IS AN AUTOGENERATED FILE. DO NOT EDIT THIS FILE DIRECTLY.
# yarn lockfile v1


typescript-to-lua@^0.15.2:
  version "0.15.2"
  resolved "https://registry.yarnpkg.com/typescript-to-lua/-/typescript-to-lua-0.15.2.tgz#5e3bfa3c260ffeaa36096d7126b909d5022e16e0"
  integrity sha512-b8SIau6WXwDOIfydf4QTlOu23MTgs3RH7EVzqTj9cpMkrXW4q0N6WTvXYZ9Lv2uXELfRES5MVATlFL+5gQnrbw==
  dependencies:
    typescript "^3.3.1"

typescript@^3.3.1:
  version "3.3.3333"
  resolved "https://registry.yarnpkg.com/typescript/-/typescript-3.3.3333.tgz#171b2c5af66c59e9431199117a3bcadc66fdcfd6"
  integrity sha512-JjSKsAfuHBE/fB2oZ8NxtRTk5iGcg6hkYXMnZ3Wc+b2RSqejEqTaem11mHASMnFilHrax3sLK0GDzcJrekZYLw==
