# THIS IS AN AUTOGENERATED FILE. DO NOT EDIT THIS FILE DIRECTLY.
# yarn lockfile v1


source-map@^0.7.3:
  version "0.7.3"
  resolved "https://registry.yarnpkg.com/source-map/-/source-map-0.7.3.tgz#5302f8169031735226544092e64981f751750383"
  integrity sha512-CkCj6giN3S+n9qrYiBTX5gystlENnRW5jZeNLHpe6aue+SrHcG5VYwujhW9s4dY31mEGsxBDrHR6oI69fTXsaQ==

typescript-to-lua@^0.18.0:
  version "0.18.0"
  resolved "https://registry.yarnpkg.com/typescript-to-lua/-/typescript-to-lua-0.18.0.tgz#f528ccb5455a0ad73ab2237dd8bd5093b21526de"
  integrity sha512-kl5ZqbthFFfOcd/vR0mmp2n/Ahw4fbv5/yFGuEPD4Eb7DYMvQHnMtRHO9OaE2P9YBXdUhtcysR17NobDo/apSQ==
  dependencies:
    source-map "^0.7.3"
    typescript "^3.3.1"

typescript@^3.3.1:
  version "3.4.5"
  resolved "https://registry.yarnpkg.com/typescript/-/typescript-3.4.5.tgz#2d2618d10bb566572b8d7aad5180d84257d70a99"
  integrity sha512-YycBxUb49UUhdNMU5aJ7z5Ej2XGmaIBL0x34vZ82fn3hGvD+bgrMrVDpatgz2f7YxUMJxMkbWxJZeAvDxVe7Vw==
