# THIS IS AN AUTOGENERATED FILE. DO NOT EDIT THIS FILE DIRECTLY.
# yarn lockfile v1


espree@~2.2.3:
  version "2.2.5"
  resolved "https://registry.yarnpkg.com/espree/-/espree-2.2.5.tgz#df691b9310889402aeb29cc066708c56690b854b"
  integrity sha1-32kbkxCIlAKuspzAZnCMVmkLhUs=

javascript-to-php@^0.1.7-c:
  version "0.1.7-c"
  resolved "https://registry.yarnpkg.com/javascript-to-php/-/javascript-to-php-0.1.7-c.tgz#8a5ff647e9d4e09a781e50987086bcb42875a792"
  integrity sha512-DrC9AQGJTwYz9Xaf+bYCTMzq3g0gTHww0mCtPzcEBdTKOy/iRdSf52WNxcJwxVgbNhn5GJLOl/bkBasGIzRlHg==
  dependencies:
    espree "~2.2.3"

typescript@^3.4.5:
  version "3.4.5"
  resolved "https://registry.yarnpkg.com/typescript/-/typescript-3.4.5.tgz#2d2618d10bb566572b8d7aad5180d84257d70a99"
  integrity sha512-YycBxUb49UUhdNMU5aJ7z5Ej2XGmaIBL0x34vZ82fn3hGvD+bgrMrVDpatgz2f7YxUMJxMkbWxJZeAvDxVe7Vw==
