{
  "requires": true,
  "lockfileVersion": 1,
  "dependencies": {
    "igcc": {
      "version": "0.4.0-1",
      "resolved": "https://registry.npmjs.org/igcc/-/igcc-0.4.0-1.tgz",
      "integrity": "sha512-UW2kx+xO8RI3N5yVEYlyABpQgphcnmr5YCQsKtbFzgbr3E7ilApYmNOO1NrTb1vrUd6iVjMo+6dihnxtUuHalQ==",
      "dev": true
    },
    "ya-igcc": {
      "version": "0.0.2-4",
      "resolved": "https://registry.npmjs.org/ya-igcc/-/ya-igcc-0.0.2-4.tgz",
      "integrity": "sha512-RI6pg1xtsPiAloQ5SyAS/24RJgqU00EIy93PnxqpIq9NZjP15AqcrR53fWNEdv9fi1P19kHftlzZKPudcXIiTA==",
      "dev": true
    }
  }
}
