{
  "requires": true,
  "lockfileVersion": 1,
  "dependencies": {
    "ya-igcc": {
      "version": "0.0.2-4",
      "resolved": "https://registry.npmjs.org/ya-igcc/-/ya-igcc-0.0.2-4.tgz",
      "integrity": "sha512-RI6pg1xtsPiAloQ5SyAS/24RJgqU00EIy93PnxqpIq9NZjP15AqcrR53fWNEdv9fi1P19kHftlzZKPudcXIiTA==",
      "dev": true
    }
  }
}
