# THIS IS AN AUTOGENERATED FILE. DO NOT EDIT THIS FILE DIRECTLY.
# yarn lockfile v1


ya-igcc@^0.0.2-4:
  version "0.0.2-4"
  resolved "https://registry.yarnpkg.com/ya-igcc/-/ya-igcc-0.0.2-4.tgz#a66ae058e46b453a53f43df3742877b2e01d4bfe"
  integrity sha512-RI6pg1xtsPiAloQ5SyAS/24RJgqU00EIy93PnxqpIq9NZjP15AqcrR53fWNEdv9fi1P19kHftlzZKPudcXIiTA==
